// !$*UTF8*$!
{
	archiveVersion = 1;
	classes = {
	};
	objectVersion = 56;
	objects = {

/* Begin PBXBuildFile section */
		27A9A7746D29252F899ED022 /* Pods_KeywordNews_KeywordNewsUITests.framework in Frameworks */ = {isa = PBXBuildFile; fileRef = 3BB4D800B90CBDFABF9F83AC /* Pods_KeywordNews_KeywordNewsUITests.framework */; };
		741DD9657C1C78A1DF7CCC17 /* Pods_KeywordNewsTests.framework in Frameworks */ = {isa = PBXBuildFile; fileRef = AA6921B254DAA150DDB166B5 /* Pods_KeywordNewsTests.framework */; };
		A6A0A38D3DA05143BB9DFF36 /* Pods_KeywordNews.framework in Frameworks */ = {isa = PBXBuildFile; fileRef = 449F676794C93B612D9B1DFA /* Pods_KeywordNews.framework */; };
		D2A49F632A96FE5D0025BA7F /* NewsListPresenter.swift in Sources */ = {isa = PBXBuildFile; fileRef = D2A49F622A96FE5D0025BA7F /* NewsListPresenter.swift */; };
		D2A49F662A970E860025BA7F /* NewsListTableViewCell.swift in Sources */ = {isa = PBXBuildFile; fileRef = D2A49F652A970E860025BA7F /* NewsListTableViewCell.swift */; };
		D2A509912A95AD2A009C2F4B /* AppDelegate.swift in Sources */ = {isa = PBXBuildFile; fileRef = D2A509902A95AD2A009C2F4B /* AppDelegate.swift */; };
		D2A509932A95AD2A009C2F4B /* SceneDelegate.swift in Sources */ = {isa = PBXBuildFile; fileRef = D2A509922A95AD2A009C2F4B /* SceneDelegate.swift */; };
		D2A509952A95AD2A009C2F4B /* NewsListViewController.swift in Sources */ = {isa = PBXBuildFile; fileRef = D2A509942A95AD2A009C2F4B /* NewsListViewController.swift */; };
		D2A5099A2A95AD2B009C2F4B /* Assets.xcassets in Resources */ = {isa = PBXBuildFile; fileRef = D2A509992A95AD2B009C2F4B /* Assets.xcassets */; };
		D2A5099D2A95AD2B009C2F4B /* LaunchScreen.storyboard in Resources */ = {isa = PBXBuildFile; fileRef = D2A5099B2A95AD2B009C2F4B /* LaunchScreen.storyboard */; };
		D2A509A82A95AD2B009C2F4B /* KeywordNewsTests.swift in Sources */ = {isa = PBXBuildFile; fileRef = D2A509A72A95AD2B009C2F4B /* KeywordNewsTests.swift */; };
		D2A509B22A95AD2B009C2F4B /* KeywordNewsUITests.swift in Sources */ = {isa = PBXBuildFile; fileRef = D2A509B12A95AD2B009C2F4B /* KeywordNewsUITests.swift */; };
		D2A509B42A95AD2B009C2F4B /* KeywordNewsUITestsLaunchTests.swift in Sources */ = {isa = PBXBuildFile; fileRef = D2A509B32A95AD2B009C2F4B /* KeywordNewsUITestsLaunchTests.swift */; };
		D2A509C22A95ADA2009C2F4B /* SnapKit in Frameworks */ = {isa = PBXBuildFile; productRef = D2A509C12A95ADA2009C2F4B /* SnapKit */; };
		D2A509C52A95ADBE009C2F4B /* Alamofire in Frameworks */ = {isa = PBXBuildFile; productRef = D2A509C42A95ADBE009C2F4B /* Alamofire */; };
/* End PBXBuildFile section */

/* Begin PBXContainerItemProxy section */
		D2A509A42A95AD2B009C2F4B /* PBXContainerItemProxy */ = {
			isa = PBXContainerItemProxy;
			containerPortal = D2A509852A95AD2A009C2F4B /* Project object */;
			proxyType = 1;
			remoteGlobalIDString = D2A5098C2A95AD2A009C2F4B;
			remoteInfo = KeywordNews;
		};
		D2A509AE2A95AD2B009C2F4B /* PBXContainerItemProxy */ = {
			isa = PBXContainerItemProxy;
			containerPortal = D2A509852A95AD2A009C2F4B /* Project object */;
			proxyType = 1;
			remoteGlobalIDString = D2A5098C2A95AD2A009C2F4B;
			remoteInfo = KeywordNews;
		};
/* End PBXContainerItemProxy section */

/* Begin PBXFileReference section */
		0607B875028E2D1E1FC0E240 /* Pods-KeywordNewsTests.release.xcconfig */ = {isa = PBXFileReference; includeInIndex = 1; lastKnownFileType = text.xcconfig; name = "Pods-KeywordNewsTests.release.xcconfig"; path = "Target Support Files/Pods-KeywordNewsTests/Pods-KeywordNewsTests.release.xcconfig"; sourceTree = "<group>"; };
		127A6A9F62E957507466D990 /* Pods-KeywordNewsTests.debug.xcconfig */ = {isa = PBXFileReference; includeInIndex = 1; lastKnownFileType = text.xcconfig; name = "Pods-KeywordNewsTests.debug.xcconfig"; path = "Target Support Files/Pods-KeywordNewsTests/Pods-KeywordNewsTests.debug.xcconfig"; sourceTree = "<group>"; };
		1BA790E1BA012FA8C9C6D06C /* Pods-KeywordNews.debug.xcconfig */ = {isa = PBXFileReference; includeInIndex = 1; lastKnownFileType = text.xcconfig; name = "Pods-KeywordNews.debug.xcconfig"; path = "Target Support Files/Pods-KeywordNews/Pods-KeywordNews.debug.xcconfig"; sourceTree = "<group>"; };
		3BB4D800B90CBDFABF9F83AC /* Pods_KeywordNews_KeywordNewsUITests.framework */ = {isa = PBXFileReference; explicitFileType = wrapper.framework; includeInIndex = 0; path = Pods_KeywordNews_KeywordNewsUITests.framework; sourceTree = BUILT_PRODUCTS_DIR; };
		3F1F609151CD73D2961F77D1 /* Pods-KeywordNews-KeywordNewsUITests.debug.xcconfig */ = {isa = PBXFileReference; includeInIndex = 1; lastKnownFileType = text.xcconfig; name = "Pods-KeywordNews-KeywordNewsUITests.debug.xcconfig"; path = "Target Support Files/Pods-KeywordNews-KeywordNewsUITests/Pods-KeywordNews-KeywordNewsUITests.debug.xcconfig"; sourceTree = "<group>"; };
		449F676794C93B612D9B1DFA /* Pods_KeywordNews.framework */ = {isa = PBXFileReference; explicitFileType = wrapper.framework; includeInIndex = 0; path = Pods_KeywordNews.framework; sourceTree = BUILT_PRODUCTS_DIR; };
		46F584AEA3A0B6792BDFD00A /* Pods-KeywordNews.release.xcconfig */ = {isa = PBXFileReference; includeInIndex = 1; lastKnownFileType = text.xcconfig; name = "Pods-KeywordNews.release.xcconfig"; path = "Target Support Files/Pods-KeywordNews/Pods-KeywordNews.release.xcconfig"; sourceTree = "<group>"; };
		AA6921B254DAA150DDB166B5 /* Pods_KeywordNewsTests.framework */ = {isa = PBXFileReference; explicitFileType = wrapper.framework; includeInIndex = 0; path = Pods_KeywordNewsTests.framework; sourceTree = BUILT_PRODUCTS_DIR; };
		D2A49F622A96FE5D0025BA7F /* NewsListPresenter.swift */ = {isa = PBXFileReference; lastKnownFileType = sourcecode.swift; path = NewsListPresenter.swift; sourceTree = "<group>"; };
		D2A49F652A970E860025BA7F /* NewsListTableViewCell.swift */ = {isa = PBXFileReference; lastKnownFileType = sourcecode.swift; path = NewsListTableViewCell.swift; sourceTree = "<group>"; };
		D2A5098D2A95AD2A009C2F4B /* KeywordNews.app */ = {isa = PBXFileReference; explicitFileType = wrapper.application; includeInIndex = 0; path = KeywordNews.app; sourceTree = BUILT_PRODUCTS_DIR; };
		D2A509902A95AD2A009C2F4B /* AppDelegate.swift */ = {isa = PBXFileReference; lastKnownFileType = sourcecode.swift; path = AppDelegate.swift; sourceTree = "<group>"; };
		D2A509922A95AD2A009C2F4B /* SceneDelegate.swift */ = {isa = PBXFileReference; lastKnownFileType = sourcecode.swift; path = SceneDelegate.swift; sourceTree = "<group>"; };
		D2A509942A95AD2A009C2F4B /* NewsListViewController.swift */ = {isa = PBXFileReference; lastKnownFileType = sourcecode.swift; path = NewsListViewController.swift; sourceTree = "<group>"; };
		D2A509992A95AD2B009C2F4B /* Assets.xcassets */ = {isa = PBXFileReference; lastKnownFileType = folder.assetcatalog; path = Assets.xcassets; sourceTree = "<group>"; };
		D2A5099C2A95AD2B009C2F4B /* Base */ = {isa = PBXFileReference; lastKnownFileType = file.storyboard; name = Base; path = Base.lproj/LaunchScreen.storyboard; sourceTree = "<group>"; };
		D2A5099E2A95AD2B009C2F4B /* Info.plist */ = {isa = PBXFileReference; lastKnownFileType = text.plist.xml; path = Info.plist; sourceTree = "<group>"; };
		D2A509A32A95AD2B009C2F4B /* KeywordNewsTests.xctest */ = {isa = PBXFileReference; explicitFileType = wrapper.cfbundle; includeInIndex = 0; path = KeywordNewsTests.xctest; sourceTree = BUILT_PRODUCTS_DIR; };
		D2A509A72A95AD2B009C2F4B /* KeywordNewsTests.swift */ = {isa = PBXFileReference; lastKnownFileType = sourcecode.swift; path = KeywordNewsTests.swift; sourceTree = "<group>"; };
		D2A509AD2A95AD2B009C2F4B /* KeywordNewsUITests.xctest */ = {isa = PBXFileReference; explicitFileType = wrapper.cfbundle; includeInIndex = 0; path = KeywordNewsUITests.xctest; sourceTree = BUILT_PRODUCTS_DIR; };
		D2A509B12A95AD2B009C2F4B /* KeywordNewsUITests.swift */ = {isa = PBXFileReference; lastKnownFileType = sourcecode.swift; path = KeywordNewsUITests.swift; sourceTree = "<group>"; };
		D2A509B32A95AD2B009C2F4B /* KeywordNewsUITestsLaunchTests.swift */ = {isa = PBXFileReference; lastKnownFileType = sourcecode.swift; path = KeywordNewsUITestsLaunchTests.swift; sourceTree = "<group>"; };
		E651CD64D05EB2A86FF1765E /* Pods-KeywordNews-KeywordNewsUITests.release.xcconfig */ = {isa = PBXFileReference; includeInIndex = 1; lastKnownFileType = text.xcconfig; name = "Pods-KeywordNews-KeywordNewsUITests.release.xcconfig"; path = "Target Support Files/Pods-KeywordNews-KeywordNewsUITests/Pods-KeywordNews-KeywordNewsUITests.release.xcconfig"; sourceTree = "<group>"; };
/* End PBXFileReference section */

/* Begin PBXFrameworksBuildPhase section */
		D2A5098A2A95AD2A009C2F4B /* Frameworks */ = {
			isa = PBXFrameworksBuildPhase;
			buildActionMask = 2147483647;
			files = (
				D2A509C22A95ADA2009C2F4B /* SnapKit in Frameworks */,
				D2A509C52A95ADBE009C2F4B /* Alamofire in Frameworks */,
				A6A0A38D3DA05143BB9DFF36 /* Pods_KeywordNews.framework in Frameworks */,
			);
			runOnlyForDeploymentPostprocessing = 0;
		};
		D2A509A02A95AD2B009C2F4B /* Frameworks */ = {
			isa = PBXFrameworksBuildPhase;
			buildActionMask = 2147483647;
			files = (
				741DD9657C1C78A1DF7CCC17 /* Pods_KeywordNewsTests.framework in Frameworks */,
			);
			runOnlyForDeploymentPostprocessing = 0;
		};
		D2A509AA2A95AD2B009C2F4B /* Frameworks */ = {
			isa = PBXFrameworksBuildPhase;
			buildActionMask = 2147483647;
			files = (
				27A9A7746D29252F899ED022 /* Pods_KeywordNews_KeywordNewsUITests.framework in Frameworks */,
			);
			runOnlyForDeploymentPostprocessing = 0;
		};
/* End PBXFrameworksBuildPhase section */

/* Begin PBXGroup section */
		2EED171080FBB21F90848BB4 /* Frameworks */ = {
			isa = PBXGroup;
			children = (
				449F676794C93B612D9B1DFA /* Pods_KeywordNews.framework */,
				3BB4D800B90CBDFABF9F83AC /* Pods_KeywordNews_KeywordNewsUITests.framework */,
				AA6921B254DAA150DDB166B5 /* Pods_KeywordNewsTests.framework */,
			);
			name = Frameworks;
			sourceTree = "<group>";
		};
		D2A49F612A96FE4A0025BA7F /* Scenes */ = {
			isa = PBXGroup;
			children = (
				D2A49F642A96FE710025BA7F /* NewsList */,
			);
			path = Scenes;
			sourceTree = "<group>";
		};
		D2A49F642A96FE710025BA7F /* NewsList */ = {
			isa = PBXGroup;
			children = (
				D2A509942A95AD2A009C2F4B /* NewsListViewController.swift */,
				D2A49F652A970E860025BA7F /* NewsListTableViewCell.swift */,
				D2A49F622A96FE5D0025BA7F /* NewsListPresenter.swift */,
			);
			path = NewsList;
			sourceTree = "<group>";
		};
		D2A509842A95AD2A009C2F4B = {
			isa = PBXGroup;
			children = (
				D2A5098F2A95AD2A009C2F4B /* KeywordNews */,
				D2A509A62A95AD2B009C2F4B /* KeywordNewsTests */,
				D2A509B02A95AD2B009C2F4B /* KeywordNewsUITests */,
				D2A5098E2A95AD2A009C2F4B /* Products */,
				F10C6181E1F0D57067DDA92B /* Pods */,
				2EED171080FBB21F90848BB4 /* Frameworks */,
			);
			indentWidth = 2;
			sourceTree = "<group>";
			tabWidth = 2;
		};
		D2A5098E2A95AD2A009C2F4B /* Products */ = {
			isa = PBXGroup;
			children = (
				D2A5098D2A95AD2A009C2F4B /* KeywordNews.app */,
				D2A509A32A95AD2B009C2F4B /* KeywordNewsTests.xctest */,
				D2A509AD2A95AD2B009C2F4B /* KeywordNewsUITests.xctest */,
			);
			name = Products;
			sourceTree = "<group>";
		};
		D2A5098F2A95AD2A009C2F4B /* KeywordNews */ = {
			isa = PBXGroup;
			children = (
				D2A509902A95AD2A009C2F4B /* AppDelegate.swift */,
				D2A509922A95AD2A009C2F4B /* SceneDelegate.swift */,
				D2A49F612A96FE4A0025BA7F /* Scenes */,
				D2A509992A95AD2B009C2F4B /* Assets.xcassets */,
				D2A5099B2A95AD2B009C2F4B /* LaunchScreen.storyboard */,
				D2A5099E2A95AD2B009C2F4B /* Info.plist */,
			);
			path = KeywordNews;
			sourceTree = "<group>";
		};
		D2A509A62A95AD2B009C2F4B /* KeywordNewsTests */ = {
			isa = PBXGroup;
			children = (
				D2A509A72A95AD2B009C2F4B /* KeywordNewsTests.swift */,
			);
			path = KeywordNewsTests;
			sourceTree = "<group>";
		};
		D2A509B02A95AD2B009C2F4B /* KeywordNewsUITests */ = {
			isa = PBXGroup;
			children = (
				D2A509B12A95AD2B009C2F4B /* KeywordNewsUITests.swift */,
				D2A509B32A95AD2B009C2F4B /* KeywordNewsUITestsLaunchTests.swift */,
			);
			path = KeywordNewsUITests;
			sourceTree = "<group>";
		};
		F10C6181E1F0D57067DDA92B /* Pods */ = {
			isa = PBXGroup;
			children = (
				1BA790E1BA012FA8C9C6D06C /* Pods-KeywordNews.debug.xcconfig */,
				46F584AEA3A0B6792BDFD00A /* Pods-KeywordNews.release.xcconfig */,
				3F1F609151CD73D2961F77D1 /* Pods-KeywordNews-KeywordNewsUITests.debug.xcconfig */,
				E651CD64D05EB2A86FF1765E /* Pods-KeywordNews-KeywordNewsUITests.release.xcconfig */,
				127A6A9F62E957507466D990 /* Pods-KeywordNewsTests.debug.xcconfig */,
				0607B875028E2D1E1FC0E240 /* Pods-KeywordNewsTests.release.xcconfig */,
			);
			name = Pods;
			path = Pods;
			sourceTree = "<group>";
		};
/* End PBXGroup section */

/* Begin PBXNativeTarget section */
		D2A5098C2A95AD2A009C2F4B /* KeywordNews */ = {
			isa = PBXNativeTarget;
			buildConfigurationList = D2A509B72A95AD2B009C2F4B /* Build configuration list for PBXNativeTarget "KeywordNews" */;
			buildPhases = (
				B52BB09FEBAE49B8DD8C2A0A /* [CP] Check Pods Manifest.lock */,
				D2A509892A95AD2A009C2F4B /* Sources */,
				D2A5098A2A95AD2A009C2F4B /* Frameworks */,
				D2A5098B2A95AD2A009C2F4B /* Resources */,
				7295D10725C6D922E2983DDF /* [CP] Embed Pods Frameworks */,
			);
			buildRules = (
			);
			dependencies = (
			);
			name = KeywordNews;
			packageProductDependencies = (
				D2A509C12A95ADA2009C2F4B /* SnapKit */,
				D2A509C42A95ADBE009C2F4B /* Alamofire */,
			);
			productName = KeywordNews;
			productReference = D2A5098D2A95AD2A009C2F4B /* KeywordNews.app */;
			productType = "com.apple.product-type.application";
		};
		D2A509A22A95AD2B009C2F4B /* KeywordNewsTests */ = {
			isa = PBXNativeTarget;
			buildConfigurationList = D2A509BA2A95AD2B009C2F4B /* Build configuration list for PBXNativeTarget "KeywordNewsTests" */;
			buildPhases = (
				79A3C4E6E6344F2074768344 /* [CP] Check Pods Manifest.lock */,
				D2A5099F2A95AD2B009C2F4B /* Sources */,
				D2A509A02A95AD2B009C2F4B /* Frameworks */,
				D2A509A12A95AD2B009C2F4B /* Resources */,
			);
			buildRules = (
			);
			dependencies = (
				D2A509A52A95AD2B009C2F4B /* PBXTargetDependency */,
			);
			name = KeywordNewsTests;
			productName = KeywordNewsTests;
			productReference = D2A509A32A95AD2B009C2F4B /* KeywordNewsTests.xctest */;
			productType = "com.apple.product-type.bundle.unit-test";
		};
		D2A509AC2A95AD2B009C2F4B /* KeywordNewsUITests */ = {
			isa = PBXNativeTarget;
			buildConfigurationList = D2A509BD2A95AD2B009C2F4B /* Build configuration list for PBXNativeTarget "KeywordNewsUITests" */;
			buildPhases = (
				9787C1AE6DCEA538C769A849 /* [CP] Check Pods Manifest.lock */,
				D2A509A92A95AD2B009C2F4B /* Sources */,
				D2A509AA2A95AD2B009C2F4B /* Frameworks */,
				D2A509AB2A95AD2B009C2F4B /* Resources */,
				35D1B00A75D4BB7ABE87D990 /* [CP] Embed Pods Frameworks */,
			);
			buildRules = (
			);
			dependencies = (
				D2A509AF2A95AD2B009C2F4B /* PBXTargetDependency */,
			);
			name = KeywordNewsUITests;
			productName = KeywordNewsUITests;
			productReference = D2A509AD2A95AD2B009C2F4B /* KeywordNewsUITests.xctest */;
			productType = "com.apple.product-type.bundle.ui-testing";
		};
/* End PBXNativeTarget section */

/* Begin PBXProject section */
		D2A509852A95AD2A009C2F4B /* Project object */ = {
			isa = PBXProject;
			attributes = {
				BuildIndependentTargetsInParallel = 1;
				LastSwiftUpdateCheck = 1430;
				LastUpgradeCheck = 1430;
				TargetAttributes = {
					D2A5098C2A95AD2A009C2F4B = {
						CreatedOnToolsVersion = 14.3.1;
					};
					D2A509A22A95AD2B009C2F4B = {
						CreatedOnToolsVersion = 14.3.1;
						TestTargetID = D2A5098C2A95AD2A009C2F4B;
					};
					D2A509AC2A95AD2B009C2F4B = {
						CreatedOnToolsVersion = 14.3.1;
						TestTargetID = D2A5098C2A95AD2A009C2F4B;
					};
				};
			};
			buildConfigurationList = D2A509882A95AD2A009C2F4B /* Build configuration list for PBXProject "KeywordNews" */;
			compatibilityVersion = "Xcode 14.0";
			developmentRegion = en;
			hasScannedForEncodings = 0;
			knownRegions = (
				en,
				Base,
			);
			mainGroup = D2A509842A95AD2A009C2F4B;
			packageReferences = (
				D2A509C02A95ADA2009C2F4B /* XCRemoteSwiftPackageReference "SnapKit.git" */,
				D2A509C32A95ADBE009C2F4B /* XCRemoteSwiftPackageReference "Alamofire.git" */,
			);
			productRefGroup = D2A5098E2A95AD2A009C2F4B /* Products */;
			projectDirPath = "";
			projectRoot = "";
			targets = (
				D2A5098C2A95AD2A009C2F4B /* KeywordNews */,
				D2A509A22A95AD2B009C2F4B /* KeywordNewsTests */,
				D2A509AC2A95AD2B009C2F4B /* KeywordNewsUITests */,
			);
		};
/* End PBXProject section */

/* Begin PBXResourcesBuildPhase section */
		D2A5098B2A95AD2A009C2F4B /* Resources */ = {
			isa = PBXResourcesBuildPhase;
			buildActionMask = 2147483647;
			files = (
				D2A5099D2A95AD2B009C2F4B /* LaunchScreen.storyboard in Resources */,
				D2A5099A2A95AD2B009C2F4B /* Assets.xcassets in Resources */,
			);
			runOnlyForDeploymentPostprocessing = 0;
		};
		D2A509A12A95AD2B009C2F4B /* Resources */ = {
			isa = PBXResourcesBuildPhase;
			buildActionMask = 2147483647;
			files = (
			);
			runOnlyForDeploymentPostprocessing = 0;
		};
		D2A509AB2A95AD2B009C2F4B /* Resources */ = {
			isa = PBXResourcesBuildPhase;
			buildActionMask = 2147483647;
			files = (
			);
			runOnlyForDeploymentPostprocessing = 0;
		};
/* End PBXResourcesBuildPhase section */

/* Begin PBXShellScriptBuildPhase section */
		35D1B00A75D4BB7ABE87D990 /* [CP] Embed Pods Frameworks */ = {
			isa = PBXShellScriptBuildPhase;
			buildActionMask = 2147483647;
			files = (
			);
			inputFileListPaths = (
				"${PODS_ROOT}/Target Support Files/Pods-KeywordNews-KeywordNewsUITests/Pods-KeywordNews-KeywordNewsUITests-frameworks-${CONFIGURATION}-input-files.xcfilelist",
			);
			name = "[CP] Embed Pods Frameworks";
			outputFileListPaths = (
				"${PODS_ROOT}/Target Support Files/Pods-KeywordNews-KeywordNewsUITests/Pods-KeywordNews-KeywordNewsUITests-frameworks-${CONFIGURATION}-output-files.xcfilelist",
			);
			runOnlyForDeploymentPostprocessing = 0;
			shellPath = /bin/sh;
			shellScript = "\"${PODS_ROOT}/Target Support Files/Pods-KeywordNews-KeywordNewsUITests/Pods-KeywordNews-KeywordNewsUITests-frameworks.sh\"\n";
			showEnvVarsInLog = 0;
		};
		7295D10725C6D922E2983DDF /* [CP] Embed Pods Frameworks */ = {
			isa = PBXShellScriptBuildPhase;
			buildActionMask = 2147483647;
			files = (
			);
			inputFileListPaths = (
				"${PODS_ROOT}/Target Support Files/Pods-KeywordNews/Pods-KeywordNews-frameworks-${CONFIGURATION}-input-files.xcfilelist",
			);
			name = "[CP] Embed Pods Frameworks";
			outputFileListPaths = (
				"${PODS_ROOT}/Target Support Files/Pods-KeywordNews/Pods-KeywordNews-frameworks-${CONFIGURATION}-output-files.xcfilelist",
			);
			runOnlyForDeploymentPostprocessing = 0;
			shellPath = /bin/sh;
			shellScript = "\"${PODS_ROOT}/Target Support Files/Pods-KeywordNews/Pods-KeywordNews-frameworks.sh\"\n";
			showEnvVarsInLog = 0;
		};
		79A3C4E6E6344F2074768344 /* [CP] Check Pods Manifest.lock */ = {
			isa = PBXShellScriptBuildPhase;
			buildActionMask = 2147483647;
			files = (
			);
			inputFileListPaths = (
			);
			inputPaths = (
				"${PODS_PODFILE_DIR_PATH}/Podfile.lock",
				"${PODS_ROOT}/Manifest.lock",
			);
			name = "[CP] Check Pods Manifest.lock";
			outputFileListPaths = (
			);
			outputPaths = (
				"$(DERIVED_FILE_DIR)/Pods-KeywordNewsTests-checkManifestLockResult.txt",
			);
			runOnlyForDeploymentPostprocessing = 0;
			shellPath = /bin/sh;
			shellScript = "diff \"${PODS_PODFILE_DIR_PATH}/Podfile.lock\" \"${PODS_ROOT}/Manifest.lock\" > /dev/null\nif [ $? != 0 ] ; then\n    # print error to STDERR\n    echo \"error: The sandbox is not in sync with the Podfile.lock. Run 'pod install' or update your CocoaPods installation.\" >&2\n    exit 1\nfi\n# This output is used by Xcode 'outputs' to avoid re-running this script phase.\necho \"SUCCESS\" > \"${SCRIPT_OUTPUT_FILE_0}\"\n";
			showEnvVarsInLog = 0;
		};
		9787C1AE6DCEA538C769A849 /* [CP] Check Pods Manifest.lock */ = {
			isa = PBXShellScriptBuildPhase;
			buildActionMask = 2147483647;
			files = (
			);
			inputFileListPaths = (
			);
			inputPaths = (
				"${PODS_PODFILE_DIR_PATH}/Podfile.lock",
				"${PODS_ROOT}/Manifest.lock",
			);
			name = "[CP] Check Pods Manifest.lock";
			outputFileListPaths = (
			);
			outputPaths = (
				"$(DERIVED_FILE_DIR)/Pods-KeywordNews-KeywordNewsUITests-checkManifestLockResult.txt",
			);
			runOnlyForDeploymentPostprocessing = 0;
			shellPath = /bin/sh;
			shellScript = "diff \"${PODS_PODFILE_DIR_PATH}/Podfile.lock\" \"${PODS_ROOT}/Manifest.lock\" > /dev/null\nif [ $? != 0 ] ; then\n    # print error to STDERR\n    echo \"error: The sandbox is not in sync with the Podfile.lock. Run 'pod install' or update your CocoaPods installation.\" >&2\n    exit 1\nfi\n# This output is used by Xcode 'outputs' to avoid re-running this script phase.\necho \"SUCCESS\" > \"${SCRIPT_OUTPUT_FILE_0}\"\n";
			showEnvVarsInLog = 0;
		};
		B52BB09FEBAE49B8DD8C2A0A /* [CP] Check Pods Manifest.lock */ = {
			isa = PBXShellScriptBuildPhase;
			buildActionMask = 2147483647;
			files = (
			);
			inputFileListPaths = (
			);
			inputPaths = (
				"${PODS_PODFILE_DIR_PATH}/Podfile.lock",
				"${PODS_ROOT}/Manifest.lock",
			);
			name = "[CP] Check Pods Manifest.lock";
			outputFileListPaths = (
			);
			outputPaths = (
				"$(DERIVED_FILE_DIR)/Pods-KeywordNews-checkManifestLockResult.txt",
			);
			runOnlyForDeploymentPostprocessing = 0;
			shellPath = /bin/sh;
			shellScript = "diff \"${PODS_PODFILE_DIR_PATH}/Podfile.lock\" \"${PODS_ROOT}/Manifest.lock\" > /dev/null\nif [ $? != 0 ] ; then\n    # print error to STDERR\n    echo \"error: The sandbox is not in sync with the Podfile.lock. Run 'pod install' or update your CocoaPods installation.\" >&2\n    exit 1\nfi\n# This output is used by Xcode 'outputs' to avoid re-running this script phase.\necho \"SUCCESS\" > \"${SCRIPT_OUTPUT_FILE_0}\"\n";
			showEnvVarsInLog = 0;
		};
/* End PBXShellScriptBuildPhase section */

/* Begin PBXSourcesBuildPhase section */
		D2A509892A95AD2A009C2F4B /* Sources */ = {
			isa = PBXSourcesBuildPhase;
			buildActionMask = 2147483647;
			files = (
				D2A509952A95AD2A009C2F4B /* NewsListViewController.swift in Sources */,
				D2A49F662A970E860025BA7F /* NewsListTableViewCell.swift in Sources */,
				D2A509912A95AD2A009C2F4B /* AppDelegate.swift in Sources */,
				D2A509932A95AD2A009C2F4B /* SceneDelegate.swift in Sources */,
				D2A49F632A96FE5D0025BA7F /* NewsListPresenter.swift in Sources */,
			);
			runOnlyForDeploymentPostprocessing = 0;
		};
		D2A5099F2A95AD2B009C2F4B /* Sources */ = {
			isa = PBXSourcesBuildPhase;
			buildActionMask = 2147483647;
			files = (
				D2A509A82A95AD2B009C2F4B /* KeywordNewsTests.swift in Sources */,
			);
			runOnlyForDeploymentPostprocessing = 0;
		};
		D2A509A92A95AD2B009C2F4B /* Sources */ = {
			isa = PBXSourcesBuildPhase;
			buildActionMask = 2147483647;
			files = (
				D2A509B22A95AD2B009C2F4B /* KeywordNewsUITests.swift in Sources */,
				D2A509B42A95AD2B009C2F4B /* KeywordNewsUITestsLaunchTests.swift in Sources */,
			);
			runOnlyForDeploymentPostprocessing = 0;
		};
/* End PBXSourcesBuildPhase section */

/* Begin PBXTargetDependency section */
		D2A509A52A95AD2B009C2F4B /* PBXTargetDependency */ = {
			isa = PBXTargetDependency;
			target = D2A5098C2A95AD2A009C2F4B /* KeywordNews */;
			targetProxy = D2A509A42A95AD2B009C2F4B /* PBXContainerItemProxy */;
		};
		D2A509AF2A95AD2B009C2F4B /* PBXTargetDependency */ = {
			isa = PBXTargetDependency;
			target = D2A5098C2A95AD2A009C2F4B /* KeywordNews */;
			targetProxy = D2A509AE2A95AD2B009C2F4B /* PBXContainerItemProxy */;
		};
/* End PBXTargetDependency section */

/* Begin PBXVariantGroup section */
		D2A5099B2A95AD2B009C2F4B /* LaunchScreen.storyboard */ = {
			isa = PBXVariantGroup;
			children = (
				D2A5099C2A95AD2B009C2F4B /* Base */,
			);
			name = LaunchScreen.storyboard;
			sourceTree = "<group>";
		};
/* End PBXVariantGroup section */

/* Begin XCBuildConfiguration section */
		D2A509B52A95AD2B009C2F4B /* Debug */ = {
			isa = XCBuildConfiguration;
			buildSettings = {
				ALWAYS_SEARCH_USER_PATHS = NO;
				CLANG_ANALYZER_NONNULL = YES;
				CLANG_ANALYZER_NUMBER_OBJECT_CONVERSION = YES_AGGRESSIVE;
				CLANG_CXX_LANGUAGE_STANDARD = "gnu++20";
				CLANG_ENABLE_MODULES = YES;
				CLANG_ENABLE_OBJC_ARC = YES;
				CLANG_ENABLE_OBJC_WEAK = YES;
				CLANG_WARN_BLOCK_CAPTURE_AUTORELEASING = YES;
				CLANG_WARN_BOOL_CONVERSION = YES;
				CLANG_WARN_COMMA = YES;
				CLANG_WARN_CONSTANT_CONVERSION = YES;
				CLANG_WARN_DEPRECATED_OBJC_IMPLEMENTATIONS = YES;
				CLANG_WARN_DIRECT_OBJC_ISA_USAGE = YES_ERROR;
				CLANG_WARN_DOCUMENTATION_COMMENTS = YES;
				CLANG_WARN_EMPTY_BODY = YES;
				CLANG_WARN_ENUM_CONVERSION = YES;
				CLANG_WARN_INFINITE_RECURSION = YES;
				CLANG_WARN_INT_CONVERSION = YES;
				CLANG_WARN_NON_LITERAL_NULL_CONVERSION = YES;
				CLANG_WARN_OBJC_IMPLICIT_RETAIN_SELF = YES;
				CLANG_WARN_OBJC_LITERAL_CONVERSION = YES;
				CLANG_WARN_OBJC_ROOT_CLASS = YES_ERROR;
				CLANG_WARN_QUOTED_INCLUDE_IN_FRAMEWORK_HEADER = YES;
				CLANG_WARN_RANGE_LOOP_ANALYSIS = YES;
				CLANG_WARN_STRICT_PROTOTYPES = YES;
				CLANG_WARN_SUSPICIOUS_MOVE = YES;
				CLANG_WARN_UNGUARDED_AVAILABILITY = YES_AGGRESSIVE;
				CLANG_WARN_UNREACHABLE_CODE = YES;
				CLANG_WARN__DUPLICATE_METHOD_MATCH = YES;
				COPY_PHASE_STRIP = NO;
				DEBUG_INFORMATION_FORMAT = dwarf;
				ENABLE_STRICT_OBJC_MSGSEND = YES;
				ENABLE_TESTABILITY = YES;
				GCC_C_LANGUAGE_STANDARD = gnu11;
				GCC_DYNAMIC_NO_PIC = NO;
				GCC_NO_COMMON_BLOCKS = YES;
				GCC_OPTIMIZATION_LEVEL = 0;
				GCC_PREPROCESSOR_DEFINITIONS = (
					"DEBUG=1",
					"$(inherited)",
				);
				GCC_WARN_64_TO_32_BIT_CONVERSION = YES;
				GCC_WARN_ABOUT_RETURN_TYPE = YES_ERROR;
				GCC_WARN_UNDECLARED_SELECTOR = YES;
				GCC_WARN_UNINITIALIZED_AUTOS = YES_AGGRESSIVE;
				GCC_WARN_UNUSED_FUNCTION = YES;
				GCC_WARN_UNUSED_VARIABLE = YES;
				IPHONEOS_DEPLOYMENT_TARGET = 16.4;
				MTL_ENABLE_DEBUG_INFO = INCLUDE_SOURCE;
				MTL_FAST_MATH = YES;
				ONLY_ACTIVE_ARCH = YES;
				SDKROOT = iphoneos;
				SWIFT_ACTIVE_COMPILATION_CONDITIONS = DEBUG;
				SWIFT_OPTIMIZATION_LEVEL = "-Onone";
			};
			name = Debug;
		};
		D2A509B62A95AD2B009C2F4B /* Release */ = {
			isa = XCBuildConfiguration;
			buildSettings = {
				ALWAYS_SEARCH_USER_PATHS = NO;
				CLANG_ANALYZER_NONNULL = YES;
				CLANG_ANALYZER_NUMBER_OBJECT_CONVERSION = YES_AGGRESSIVE;
				CLANG_CXX_LANGUAGE_STANDARD = "gnu++20";
				CLANG_ENABLE_MODULES = YES;
				CLANG_ENABLE_OBJC_ARC = YES;
				CLANG_ENABLE_OBJC_WEAK = YES;
				CLANG_WARN_BLOCK_CAPTURE_AUTORELEASING = YES;
				CLANG_WARN_BOOL_CONVERSION = YES;
				CLANG_WARN_COMMA = YES;
				CLANG_WARN_CONSTANT_CONVERSION = YES;
				CLANG_WARN_DEPRECATED_OBJC_IMPLEMENTATIONS = YES;
				CLANG_WARN_DIRECT_OBJC_ISA_USAGE = YES_ERROR;
				CLANG_WARN_DOCUMENTATION_COMMENTS = YES;
				CLANG_WARN_EMPTY_BODY = YES;
				CLANG_WARN_ENUM_CONVERSION = YES;
				CLANG_WARN_INFINITE_RECURSION = YES;
				CLANG_WARN_INT_CONVERSION = YES;
				CLANG_WARN_NON_LITERAL_NULL_CONVERSION = YES;
				CLANG_WARN_OBJC_IMPLICIT_RETAIN_SELF = YES;
				CLANG_WARN_OBJC_LITERAL_CONVERSION = YES;
				CLANG_WARN_OBJC_ROOT_CLASS = YES_ERROR;
				CLANG_WARN_QUOTED_INCLUDE_IN_FRAMEWORK_HEADER = YES;
				CLANG_WARN_RANGE_LOOP_ANALYSIS = YES;
				CLANG_WARN_STRICT_PROTOTYPES = YES;
				CLANG_WARN_SUSPICIOUS_MOVE = YES;
				CLANG_WARN_UNGUARDED_AVAILABILITY = YES_AGGRESSIVE;
				CLANG_WARN_UNREACHABLE_CODE = YES;
				CLANG_WARN__DUPLICATE_METHOD_MATCH = YES;
				COPY_PHASE_STRIP = NO;
				DEBUG_INFORMATION_FORMAT = "dwarf-with-dsym";
				ENABLE_NS_ASSERTIONS = NO;
				ENABLE_STRICT_OBJC_MSGSEND = YES;
				GCC_C_LANGUAGE_STANDARD = gnu11;
				GCC_NO_COMMON_BLOCKS = YES;
				GCC_WARN_64_TO_32_BIT_CONVERSION = YES;
				GCC_WARN_ABOUT_RETURN_TYPE = YES_ERROR;
				GCC_WARN_UNDECLARED_SELECTOR = YES;
				GCC_WARN_UNINITIALIZED_AUTOS = YES_AGGRESSIVE;
				GCC_WARN_UNUSED_FUNCTION = YES;
				GCC_WARN_UNUSED_VARIABLE = YES;
				IPHONEOS_DEPLOYMENT_TARGET = 16.4;
				MTL_ENABLE_DEBUG_INFO = NO;
				MTL_FAST_MATH = YES;
				SDKROOT = iphoneos;
				SWIFT_COMPILATION_MODE = wholemodule;
				SWIFT_OPTIMIZATION_LEVEL = "-O";
				VALIDATE_PRODUCT = YES;
			};
			name = Release;
		};
		D2A509B82A95AD2B009C2F4B /* Debug */ = {
			isa = XCBuildConfiguration;
			baseConfigurationReference = 1BA790E1BA012FA8C9C6D06C /* Pods-KeywordNews.debug.xcconfig */;
			buildSettings = {
				ASSETCATALOG_COMPILER_APPICON_NAME = AppIcon;
				ASSETCATALOG_COMPILER_GLOBAL_ACCENT_COLOR_NAME = AccentColor;
				CODE_SIGN_STYLE = Automatic;
				CURRENT_PROJECT_VERSION = 1;
				DEVELOPMENT_TEAM = XN5X7VFVPX;
				GENERATE_INFOPLIST_FILE = YES;
				INFOPLIST_FILE = KeywordNews/Info.plist;
				INFOPLIST_KEY_UIApplicationSupportsIndirectInputEvents = YES;
				INFOPLIST_KEY_UILaunchStoryboardName = LaunchScreen;
				INFOPLIST_KEY_UISupportedInterfaceOrientations_iPad = "UIInterfaceOrientationPortrait UIInterfaceOrientationPortraitUpsideDown UIInterfaceOrientationLandscapeLeft UIInterfaceOrientationLandscapeRight";
				INFOPLIST_KEY_UISupportedInterfaceOrientations_iPhone = "UIInterfaceOrientationPortrait UIInterfaceOrientationLandscapeLeft UIInterfaceOrientationLandscapeRight";
				IPHONEOS_DEPLOYMENT_TARGET = 14.1;
				LD_RUNPATH_SEARCH_PATHS = (
					"$(inherited)",
					"@executable_path/Frameworks",
				);
				MARKETING_VERSION = 1.0;
				PRODUCT_BUNDLE_IDENTIFIER = kr.co.magne.KeywordNews;
				PRODUCT_NAME = "$(TARGET_NAME)";
				SWIFT_EMIT_LOC_STRINGS = YES;
				SWIFT_VERSION = 5.0;
				TARGETED_DEVICE_FAMILY = "1,2";
			};
			name = Debug;
		};
		D2A509B92A95AD2B009C2F4B /* Release */ = {
			isa = XCBuildConfiguration;
			baseConfigurationReference = 46F584AEA3A0B6792BDFD00A /* Pods-KeywordNews.release.xcconfig */;
			buildSettings = {
				ASSETCATALOG_COMPILER_APPICON_NAME = AppIcon;
				ASSETCATALOG_COMPILER_GLOBAL_ACCENT_COLOR_NAME = AccentColor;
				CODE_SIGN_STYLE = Automatic;
				CURRENT_PROJECT_VERSION = 1;
				DEVELOPMENT_TEAM = XN5X7VFVPX;
				GENERATE_INFOPLIST_FILE = YES;
				INFOPLIST_FILE = KeywordNews/Info.plist;
				INFOPLIST_KEY_UIApplicationSupportsIndirectInputEvents = YES;
				INFOPLIST_KEY_UILaunchStoryboardName = LaunchScreen;
				INFOPLIST_KEY_UISupportedInterfaceOrientations_iPad = "UIInterfaceOrientationPortrait UIInterfaceOrientationPortraitUpsideDown UIInterfaceOrientationLandscapeLeft UIInterfaceOrientationLandscapeRight";
				INFOPLIST_KEY_UISupportedInterfaceOrientations_iPhone = "UIInterfaceOrientationPortrait UIInterfaceOrientationLandscapeLeft UIInterfaceOrientationLandscapeRight";
				IPHONEOS_DEPLOYMENT_TARGET = 14.1;
				LD_RUNPATH_SEARCH_PATHS = (
					"$(inherited)",
					"@executable_path/Frameworks",
				);
				MARKETING_VERSION = 1.0;
				PRODUCT_BUNDLE_IDENTIFIER = kr.co.magne.KeywordNews;
				PRODUCT_NAME = "$(TARGET_NAME)";
				SWIFT_EMIT_LOC_STRINGS = YES;
				SWIFT_VERSION = 5.0;
				TARGETED_DEVICE_FAMILY = "1,2";
			};
			name = Release;
		};
		D2A509BB2A95AD2B009C2F4B /* Debug */ = {
			isa = XCBuildConfiguration;
			baseConfigurationReference = 127A6A9F62E957507466D990 /* Pods-KeywordNewsTests.debug.xcconfig */;
			buildSettings = {
				ALWAYS_EMBED_SWIFT_STANDARD_LIBRARIES = YES;
				BUNDLE_LOADER = "$(TEST_HOST)";
				CODE_SIGN_STYLE = Automatic;
				CURRENT_PROJECT_VERSION = 1;
				DEVELOPMENT_TEAM = XN5X7VFVPX;
				GENERATE_INFOPLIST_FILE = YES;
				IPHONEOS_DEPLOYMENT_TARGET = 16.4;
				MARKETING_VERSION = 1.0;
				PRODUCT_BUNDLE_IDENTIFIER = kr.co.magne.KeywordNewsTests;
				PRODUCT_NAME = "$(TARGET_NAME)";
				SWIFT_EMIT_LOC_STRINGS = NO;
				SWIFT_VERSION = 5.0;
				TARGETED_DEVICE_FAMILY = "1,2";
				TEST_HOST = "$(BUILT_PRODUCTS_DIR)/KeywordNews.app/$(BUNDLE_EXECUTABLE_FOLDER_PATH)/KeywordNews";
			};
			name = Debug;
		};
		D2A509BC2A95AD2B009C2F4B /* Release */ = {
			isa = XCBuildConfiguration;
			baseConfigurationReference = 0607B875028E2D1E1FC0E240 /* Pods-KeywordNewsTests.release.xcconfig */;
			buildSettings = {
				ALWAYS_EMBED_SWIFT_STANDARD_LIBRARIES = YES;
				BUNDLE_LOADER = "$(TEST_HOST)";
				CODE_SIGN_STYLE = Automatic;
				CURRENT_PROJECT_VERSION = 1;
				DEVELOPMENT_TEAM = XN5X7VFVPX;
				GENERATE_INFOPLIST_FILE = YES;
				IPHONEOS_DEPLOYMENT_TARGET = 16.4;
				MARKETING_VERSION = 1.0;
				PRODUCT_BUNDLE_IDENTIFIER = kr.co.magne.KeywordNewsTests;
				PRODUCT_NAME = "$(TARGET_NAME)";
				SWIFT_EMIT_LOC_STRINGS = NO;
				SWIFT_VERSION = 5.0;
				TARGETED_DEVICE_FAMILY = "1,2";
				TEST_HOST = "$(BUILT_PRODUCTS_DIR)/KeywordNews.app/$(BUNDLE_EXECUTABLE_FOLDER_PATH)/KeywordNews";
			};
			name = Release;
		};
		D2A509BE2A95AD2B009C2F4B /* Debug */ = {
			isa = XCBuildConfiguration;
			baseConfigurationReference = 3F1F609151CD73D2961F77D1 /* Pods-KeywordNews-KeywordNewsUITests.debug.xcconfig */;
			buildSettings = {
				ALWAYS_EMBED_SWIFT_STANDARD_LIBRARIES = YES;
				CODE_SIGN_STYLE = Automatic;
				CURRENT_PROJECT_VERSION = 1;
				DEVELOPMENT_TEAM = XN5X7VFVPX;
				GENERATE_INFOPLIST_FILE = YES;
				MARKETING_VERSION = 1.0;
				PRODUCT_BUNDLE_IDENTIFIER = kr.co.magne.KeywordNewsUITests;
				PRODUCT_NAME = "$(TARGET_NAME)";
				SWIFT_EMIT_LOC_STRINGS = NO;
				SWIFT_VERSION = 5.0;
				TARGETED_DEVICE_FAMILY = "1,2";
				TEST_TARGET_NAME = KeywordNews;
			};
			name = Debug;
		};
		D2A509BF2A95AD2B009C2F4B /* Release */ = {
			isa = XCBuildConfiguration;
			baseConfigurationReference = E651CD64D05EB2A86FF1765E /* Pods-KeywordNews-KeywordNewsUITests.release.xcconfig */;
			buildSettings = {
				ALWAYS_EMBED_SWIFT_STANDARD_LIBRARIES = YES;
				CODE_SIGN_STYLE = Automatic;
				CURRENT_PROJECT_VERSION = 1;
				DEVELOPMENT_TEAM = XN5X7VFVPX;
				GENERATE_INFOPLIST_FILE = YES;
				MARKETING_VERSION = 1.0;
				PRODUCT_BUNDLE_IDENTIFIER = kr.co.magne.KeywordNewsUITests;
				PRODUCT_NAME = "$(TARGET_NAME)";
				SWIFT_EMIT_LOC_STRINGS = NO;
				SWIFT_VERSION = 5.0;
				TARGETED_DEVICE_FAMILY = "1,2";
				TEST_TARGET_NAME = KeywordNews;
			};
			name = Release;
		};
/* End XCBuildConfiguration section */

/* Begin XCConfigurationList section */
		D2A509882A95AD2A009C2F4B /* Build configuration list for PBXProject "KeywordNews" */ = {
			isa = XCConfigurationList;
			buildConfigurations = (
				D2A509B52A95AD2B009C2F4B /* Debug */,
				D2A509B62A95AD2B009C2F4B /* Release */,
			);
			defaultConfigurationIsVisible = 0;
			defaultConfigurationName = Release;
		};
		D2A509B72A95AD2B009C2F4B /* Build configuration list for PBXNativeTarget "KeywordNews" */ = {
			isa = XCConfigurationList;
			buildConfigurations = (
				D2A509B82A95AD2B009C2F4B /* Debug */,
				D2A509B92A95AD2B009C2F4B /* Release */,
			);
			defaultConfigurationIsVisible = 0;
			defaultConfigurationName = Release;
		};
		D2A509BA2A95AD2B009C2F4B /* Build configuration list for PBXNativeTarget "KeywordNewsTests" */ = {
			isa = XCConfigurationList;
			buildConfigurations = (
				D2A509BB2A95AD2B009C2F4B /* Debug */,
				D2A509BC2A95AD2B009C2F4B /* Release */,
			);
			defaultConfigurationIsVisible = 0;
			defaultConfigurationName = Release;
		};
		D2A509BD2A95AD2B009C2F4B /* Build configuration list for PBXNativeTarget "KeywordNewsUITests" */ = {
			isa = XCConfigurationList;
			buildConfigurations = (
				D2A509BE2A95AD2B009C2F4B /* Debug */,
				D2A509BF2A95AD2B009C2F4B /* Release */,
			);
			defaultConfigurationIsVisible = 0;
			defaultConfigurationName = Release;
		};
/* End XCConfigurationList section */

/* Begin XCRemoteSwiftPackageReference section */
		D2A509C02A95ADA2009C2F4B /* XCRemoteSwiftPackageReference "SnapKit.git" */ = {
			isa = XCRemoteSwiftPackageReference;
			repositoryURL = "https://github.com/SnapKit/SnapKit.git";
			requirement = {
				kind = upToNextMajorVersion;
				minimumVersion = 5.0.0;
			};
		};
		D2A509C32A95ADBE009C2F4B /* XCRemoteSwiftPackageReference "Alamofire.git" */ = {
			isa = XCRemoteSwiftPackageReference;
			repositoryURL = "https://github.com/Alamofire/Alamofire.git";
			requirement = {
				kind = upToNextMajorVersion;
				minimumVersion = 5.0.0;
			};
		};
/* End XCRemoteSwiftPackageReference section */

/* Begin XCSwiftPackageProductDependency section */
		D2A509C12A95ADA2009C2F4B /* SnapKit */ = {
			isa = XCSwiftPackageProductDependency;
			package = D2A509C02A95ADA2009C2F4B /* XCRemoteSwiftPackageReference "SnapKit.git" */;
			productName = SnapKit;
		};
		D2A509C42A95ADBE009C2F4B /* Alamofire */ = {
			isa = XCSwiftPackageProductDependency;
			package = D2A509C32A95ADBE009C2F4B /* XCRemoteSwiftPackageReference "Alamofire.git" */;
			productName = Alamofire;
		};
/* End XCSwiftPackageProductDependency section */
	};
	rootObject = D2A509852A95AD2A009C2F4B /* Project object */;
}
